
Microsoft Visual Studio Solution File, Format Version 12.00
# Visual Studio Version 17
VisualStudioVersion = 17.3.32825.248
MinimumVisualStudioVersion = 10.0.40219.1
Project("{FAE04EC0-301F-11D3-BF4B-00C04F79EFBC}") = "LR7", "LR7.csproj", "{628A75AE-B9EC-4C92-8C65-A8ADEA22A59E}"
EndProject
Global
	GlobalSection(SolutionConfigurationPlatforms) = preSolution
		Debug|Any CPU = Debug|Any CPU
		Release|Any CPU = Release|Any CPU
	EndGlobalSection
	GlobalSection(ProjectConfigurationPlatforms) = postSolution
		{628A75AE-B9EC-4C92-8C65-A8ADEA22A59E}.Debug|Any CPU.ActiveCfg = Debug|Any CPU
		{628A75AE-B9EC-4C92-8C65-A8ADEA22A59E}.Debug|Any CPU.Build.0 = Debug|Any CPU
		{628A75AE-B9EC-4C92-8C65-A8ADEA22A59E}.Release|Any CPU.ActiveCfg = Release|Any CPU
		{628A75AE-B9EC-4C92-8C65-A8ADEA22A59E}.Release|Any CPU.Build.0 = Release|Any CPU
	EndGlobalSection
	GlobalSection(SolutionProperties) = preSolution
		HideSolutionNode = FALSE
	EndGlobalSection
	GlobalSection(ExtensibilityGlobals) = postSolution
		SolutionGuid = {C1758306-6CA7-4C48-8AF9-5F3E0BC6D8E0}
	EndGlobalSection
EndGlobal
