
Microsoft Visual Studio Solution File, Format Version 12.00
# Visual Studio Version 17
VisualStudioVersion = 17.3.32825.248
MinimumVisualStudioVersion = 10.0.40219.1
Project("{9A19103F-16F7-4668-BE54-9A1E7A4F7556}") = "LR2", "LR2\LR2.csproj", "{D459E5BE-1380-47C2-8F47-0B4F4CBF043C}"
EndProject
Project("{FAE04EC0-301F-11D3-BF4B-00C04F79EFBC}") = "Задание 2", "Задание 2\Задание 2.csproj", "{FD32F794-B01A-4A0D-916D-128FE3638B2C}"
EndProject
Global
	GlobalSection(SolutionConfigurationPlatforms) = preSolution
		Debug|Any CPU = Debug|Any CPU
		Release|Any CPU = Release|Any CPU
	EndGlobalSection
	GlobalSection(ProjectConfigurationPlatforms) = postSolution
		{D459E5BE-1380-47C2-8F47-0B4F4CBF043C}.Debug|Any CPU.ActiveCfg = Debug|Any CPU
		{D459E5BE-1380-47C2-8F47-0B4F4CBF043C}.Debug|Any CPU.Build.0 = Debug|Any CPU
		{D459E5BE-1380-47C2-8F47-0B4F4CBF043C}.Release|Any CPU.ActiveCfg = Release|Any CPU
		{D459E5BE-1380-47C2-8F47-0B4F4CBF043C}.Release|Any CPU.Build.0 = Release|Any CPU
		{FD32F794-B01A-4A0D-916D-128FE3638B2C}.Debug|Any CPU.ActiveCfg = Debug|Any CPU
		{FD32F794-B01A-4A0D-916D-128FE3638B2C}.Debug|Any CPU.Build.0 = Debug|Any CPU
		{FD32F794-B01A-4A0D-916D-128FE3638B2C}.Release|Any CPU.ActiveCfg = Release|Any CPU
		{FD32F794-B01A-4A0D-916D-128FE3638B2C}.Release|Any CPU.Build.0 = Release|Any CPU
	EndGlobalSection
	GlobalSection(SolutionProperties) = preSolution
		HideSolutionNode = FALSE
	EndGlobalSection
	GlobalSection(ExtensibilityGlobals) = postSolution
		SolutionGuid = {4967696D-A71D-452C-8592-1D47FF97297B}
	EndGlobalSection
EndGlobal
