
Microsoft Visual Studio Solution File, Format Version 12.00
# Visual Studio Version 17
VisualStudioVersion = 17.3.32825.248
MinimumVisualStudioVersion = 10.0.40219.1
Project("{FAE04EC0-301F-11D3-BF4B-00C04F79EFBC}") = "LR6Sukhov", "LR6Sukhov.csproj", "{D1B68C83-2262-4FD2-9F9E-C249F0DE11DA}"
EndProject
Global
	GlobalSection(SolutionConfigurationPlatforms) = preSolution
		Debug|Any CPU = Debug|Any CPU
		Release|Any CPU = Release|Any CPU
	EndGlobalSection
	GlobalSection(ProjectConfigurationPlatforms) = postSolution
		{D1B68C83-2262-4FD2-9F9E-C249F0DE11DA}.Debug|Any CPU.ActiveCfg = Debug|Any CPU
		{D1B68C83-2262-4FD2-9F9E-C249F0DE11DA}.Debug|Any CPU.Build.0 = Debug|Any CPU
		{D1B68C83-2262-4FD2-9F9E-C249F0DE11DA}.Release|Any CPU.ActiveCfg = Release|Any CPU
		{D1B68C83-2262-4FD2-9F9E-C249F0DE11DA}.Release|Any CPU.Build.0 = Release|Any CPU
	EndGlobalSection
	GlobalSection(SolutionProperties) = preSolution
		HideSolutionNode = FALSE
	EndGlobalSection
	GlobalSection(ExtensibilityGlobals) = postSolution
		SolutionGuid = {B60C9D43-1CC3-4E81-8286-7B2BA02CCF69}
	EndGlobalSection
EndGlobal
