
Microsoft Visual Studio Solution File, Format Version 12.00
# Visual Studio Version 17
VisualStudioVersion = 17.3.32825.248
MinimumVisualStudioVersion = 10.0.40219.1
Project("{FAE04EC0-301F-11D3-BF4B-00C04F79EFBC}") = "LR7_ver2", "LR7_ver2.csproj", "{BBCCB8F9-7BD1-41F2-8CE5-6167629BA762}"
EndProject
Global
	GlobalSection(SolutionConfigurationPlatforms) = preSolution
		Debug|Any CPU = Debug|Any CPU
		Release|Any CPU = Release|Any CPU
	EndGlobalSection
	GlobalSection(ProjectConfigurationPlatforms) = postSolution
		{BBCCB8F9-7BD1-41F2-8CE5-6167629BA762}.Debug|Any CPU.ActiveCfg = Debug|Any CPU
		{BBCCB8F9-7BD1-41F2-8CE5-6167629BA762}.Debug|Any CPU.Build.0 = Debug|Any CPU
		{BBCCB8F9-7BD1-41F2-8CE5-6167629BA762}.Release|Any CPU.ActiveCfg = Release|Any CPU
		{BBCCB8F9-7BD1-41F2-8CE5-6167629BA762}.Release|Any CPU.Build.0 = Release|Any CPU
	EndGlobalSection
	GlobalSection(SolutionProperties) = preSolution
		HideSolutionNode = FALSE
	EndGlobalSection
	GlobalSection(ExtensibilityGlobals) = postSolution
		SolutionGuid = {82D13176-E904-4A84-B1D5-50F3DFB56433}
	EndGlobalSection
EndGlobal
