
Microsoft Visual Studio Solution File, Format Version 12.00
# Visual Studio Version 17
VisualStudioVersion = 17.3.32825.248
MinimumVisualStudioVersion = 10.0.40219.1
Project("{FAE04EC0-301F-11D3-BF4B-00C04F79EFBC}") = "LR3", "LR3\LR3.csproj", "{983A297A-DEA6-4281-8147-B8681180FBDE}"
EndProject
Project("{FAE04EC0-301F-11D3-BF4B-00C04F79EFBC}") = "Zadanie_8.9", "Zadanie_8.9\Zadanie_8.9.csproj", "{2D2D8F18-D454-403D-A8C6-5C4FAD9D91EE}"
EndProject
Global
	GlobalSection(SolutionConfigurationPlatforms) = preSolution
		Debug|Any CPU = Debug|Any CPU
		Release|Any CPU = Release|Any CPU
	EndGlobalSection
	GlobalSection(ProjectConfigurationPlatforms) = postSolution
		{983A297A-DEA6-4281-8147-B8681180FBDE}.Debug|Any CPU.ActiveCfg = Debug|Any CPU
		{983A297A-DEA6-4281-8147-B8681180FBDE}.Debug|Any CPU.Build.0 = Debug|Any CPU
		{983A297A-DEA6-4281-8147-B8681180FBDE}.Release|Any CPU.ActiveCfg = Release|Any CPU
		{983A297A-DEA6-4281-8147-B8681180FBDE}.Release|Any CPU.Build.0 = Release|Any CPU
		{2D2D8F18-D454-403D-A8C6-5C4FAD9D91EE}.Debug|Any CPU.ActiveCfg = Debug|Any CPU
		{2D2D8F18-D454-403D-A8C6-5C4FAD9D91EE}.Debug|Any CPU.Build.0 = Debug|Any CPU
		{2D2D8F18-D454-403D-A8C6-5C4FAD9D91EE}.Release|Any CPU.ActiveCfg = Release|Any CPU
		{2D2D8F18-D454-403D-A8C6-5C4FAD9D91EE}.Release|Any CPU.Build.0 = Release|Any CPU
	EndGlobalSection
	GlobalSection(SolutionProperties) = preSolution
		HideSolutionNode = FALSE
	EndGlobalSection
	GlobalSection(ExtensibilityGlobals) = postSolution
		SolutionGuid = {078FFC06-07BA-4990-B467-0799E7C243DF}
	EndGlobalSection
EndGlobal
